// !$*UTF8*$!
{
	archiveVersion = 1;
	classes = {
	};
	objectVersion = 45;
	objects = {

/* Begin PBXBuildFile section */
		1D3623260D0F684500981E51 /* ultimatebattleAppDelegate.m in Sources */ = {isa = PBXBuildFile; fileRef = 1D3623250D0F684500981E51 /* ultimatebattleAppDelegate.m */; };
		1D60589B0D05DD56006BFB54 /* main.m in Sources */ = {isa = PBXBuildFile; fileRef = 29B97316FDCFA39411CA2CEA /* main.m */; };
		1D60589F0D05DD5A006BFB54 /* Foundation.framework in Frameworks */ = {isa = PBXBuildFile; fileRef = 1D30AB110D05D00D00671497 /* Foundation.framework */; };
		1DF5F4E00D08C38300B7A737 /* UIKit.framework in Frameworks */ = {isa = PBXBuildFile; fileRef = 1DF5F4DF0D08C38300B7A737 /* UIKit.framework */; };
		288765A50DF7441C002DB57D /* CoreGraphics.framework in Frameworks */ = {isa = PBXBuildFile; fileRef = 288765A40DF7441C002DB57D /* CoreGraphics.framework */; };
		2899E5220DE3E06400AC0155 /* ultimatebattleViewController.xib in Resources */ = {isa = PBXBuildFile; fileRef = 2899E5210DE3E06400AC0155 /* ultimatebattleViewController.xib */; };
		28AD733F0D9D9553002E5188 /* MainWindow.xib in Resources */ = {isa = PBXBuildFile; fileRef = 28AD733E0D9D9553002E5188 /* MainWindow.xib */; };
		28D7ACF80DDB3853001CB0EB /* ultimatebattleViewController.m in Sources */ = {isa = PBXBuildFile; fileRef = 28D7ACF70DDB3853001CB0EB /* ultimatebattleViewController.m */; };
		8DB34F6A1333EF4F00504C0F /* Engine.m in Sources */ = {isa = PBXBuildFile; fileRef = 8DB34F691333EF4F00504C0F /* Engine.m */; };
		8DB34F6D1333F38500504C0F /* VersusTopShipEngine.m in Sources */ = {isa = PBXBuildFile; fileRef = 8DB34F6C1333F38400504C0F /* VersusTopShipEngine.m */; };
		8DB34F7E1333F62E00504C0F /* VersusBottomShipEngine.m in Sources */ = {isa = PBXBuildFile; fileRef = 8DB34F7D1333F62D00504C0F /* VersusBottomShipEngine.m */; };
		BFA4FD2B132B0DCB00612508 /* Ship.m in Sources */ = {isa = PBXBuildFile; fileRef = BFA4FD2A132B0DCB00612508 /* Ship.m */; };
		BFA4FD30132B0DF700612508 /* Weapon.m in Sources */ = {isa = PBXBuildFile; fileRef = BFA4FD2F132B0DF700612508 /* Weapon.m */; };
		BFA4FD38132B0E7200612508 /* GameObject.m in Sources */ = {isa = PBXBuildFile; fileRef = BFA4FD37132B0E7200612508 /* GameObject.m */; };
		BFA4FD5F132B106C00612508 /* Turn.m in Sources */ = {isa = PBXBuildFile; fileRef = BFA4FD5E132B106C00612508 /* Turn.m */; };
		BFBB6D26132C2B2900151B43 /* Bullet.m in Sources */ = {isa = PBXBuildFile; fileRef = BFA4FD32132B0E6000612508 /* Bullet.m */; };
		BFBB6D49132C2DE300151B43 /* BasicBullet.m in Sources */ = {isa = PBXBuildFile; fileRef = BFBB6D48132C2DE300151B43 /* BasicBullet.m */; };
		BFBB6D74132C2F1100151B43 /* WideDoubleBullet.m in Sources */ = {isa = PBXBuildFile; fileRef = BFBB6D73132C2F1100151B43 /* WideDoubleBullet.m */; };
		BFBB6D87132C303800151B43 /* TriShotBullet.m in Sources */ = {isa = PBXBuildFile; fileRef = BFBB6D86132C303800151B43 /* TriShotBullet.m */; };
		BFBBA73F133548130087DB5F /* GameController.m in Sources */ = {isa = PBXBuildFile; fileRef = BFBBA73E133548130087DB5F /* GameController.m */; };
		BFBBA7421335482F0087DB5F /* DefeatCopyGameController.m in Sources */ = {isa = PBXBuildFile; fileRef = BFBBA7411335482F0087DB5F /* DefeatCopyGameController.m */; };
		BFBBA79313355FC10087DB5F /* EngineShip.m in Sources */ = {isa = PBXBuildFile; fileRef = BFBBA79213355FC10087DB5F /* EngineShip.m */; };
		BFBBA7E013356EBC0087DB5F /* TriGun.m in Sources */ = {isa = PBXBuildFile; fileRef = BFBBA7DF13356EBC0087DB5F /* TriGun.m */; };
		BFCD44EE1332FBBC00182581 /* PlayerCopyShip.m in Sources */ = {isa = PBXBuildFile; fileRef = BFCD44ED1332FBBC00182581 /* PlayerCopyShip.m */; };
		BFCD44F31332FBD900182581 /* CopyShip.m in Sources */ = {isa = PBXBuildFile; fileRef = BFCD44F21332FBD900182581 /* CopyShip.m */; };
		BFCD45041332FFC900182581 /* LaserGun.m in Sources */ = {isa = PBXBuildFile; fileRef = BFCD45031332FFC900182581 /* LaserGun.m */; };
		BFFC4FCC133677BB00E9F51F /* WideDoubleShotGun.m in Sources */ = {isa = PBXBuildFile; fileRef = BFFC4FCB133677BB00E9F51F /* WideDoubleShotGun.m */; };
/* End PBXBuildFile section */

/* Begin PBXFileReference section */
		1D30AB110D05D00D00671497 /* Foundation.framework */ = {isa = PBXFileReference; lastKnownFileType = wrapper.framework; name = Foundation.framework; path = System/Library/Frameworks/Foundation.framework; sourceTree = SDKROOT; };
		1D3623240D0F684500981E51 /* ultimatebattleAppDelegate.h */ = {isa = PBXFileReference; fileEncoding = 4; lastKnownFileType = sourcecode.c.h; path = ultimatebattleAppDelegate.h; sourceTree = "<group>"; };
		1D3623250D0F684500981E51 /* ultimatebattleAppDelegate.m */ = {isa = PBXFileReference; fileEncoding = 4; lastKnownFileType = sourcecode.c.objc; path = ultimatebattleAppDelegate.m; sourceTree = "<group>"; };
		1D6058910D05DD3D006BFB54 /* ultimatebattle.app */ = {isa = PBXFileReference; explicitFileType = wrapper.application; includeInIndex = 0; path = ultimatebattle.app; sourceTree = BUILT_PRODUCTS_DIR; };
		1DF5F4DF0D08C38300B7A737 /* UIKit.framework */ = {isa = PBXFileReference; lastKnownFileType = wrapper.framework; name = UIKit.framework; path = System/Library/Frameworks/UIKit.framework; sourceTree = SDKROOT; };
		288765A40DF7441C002DB57D /* CoreGraphics.framework */ = {isa = PBXFileReference; lastKnownFileType = wrapper.framework; name = CoreGraphics.framework; path = System/Library/Frameworks/CoreGraphics.framework; sourceTree = SDKROOT; };
		2899E5210DE3E06400AC0155 /* ultimatebattleViewController.xib */ = {isa = PBXFileReference; lastKnownFileType = file.xib; path = ultimatebattleViewController.xib; sourceTree = "<group>"; };
		28AD733E0D9D9553002E5188 /* MainWindow.xib */ = {isa = PBXFileReference; lastKnownFileType = file.xib; path = MainWindow.xib; sourceTree = "<group>"; };
		28D7ACF60DDB3853001CB0EB /* ultimatebattleViewController.h */ = {isa = PBXFileReference; fileEncoding = 4; lastKnownFileType = sourcecode.c.h; path = ultimatebattleViewController.h; sourceTree = "<group>"; };
		28D7ACF70DDB3853001CB0EB /* ultimatebattleViewController.m */ = {isa = PBXFileReference; fileEncoding = 4; lastKnownFileType = sourcecode.c.objc; path = ultimatebattleViewController.m; sourceTree = "<group>"; };
		29B97316FDCFA39411CA2CEA /* main.m */ = {isa = PBXFileReference; fileEncoding = 4; lastKnownFileType = sourcecode.c.objc; path = main.m; sourceTree = "<group>"; };
		32CA4F630368D1EE00C91783 /* ultimatebattle_Prefix.pch */ = {isa = PBXFileReference; fileEncoding = 4; lastKnownFileType = sourcecode.c.h; path = ultimatebattle_Prefix.pch; sourceTree = "<group>"; };
		8D1107310486CEB800E47090 /* ultimatebattle-Info.plist */ = {isa = PBXFileReference; fileEncoding = 4; lastKnownFileType = text.plist.xml; path = "ultimatebattle-Info.plist"; plistStructureDefinitionIdentifier = "com.apple.xcode.plist.structure-definition.iphone.info-plist"; sourceTree = "<group>"; };
		8DB34F681333EF4F00504C0F /* Engine.h */ = {isa = PBXFileReference; fileEncoding = 4; lastKnownFileType = sourcecode.c.h; path = Engine.h; sourceTree = "<group>"; };
		8DB34F691333EF4F00504C0F /* Engine.m */ = {isa = PBXFileReference; fileEncoding = 4; lastKnownFileType = sourcecode.c.objc; path = Engine.m; sourceTree = "<group>"; };
		8DB34F6B1333F38400504C0F /* VersusTopShipEngine.h */ = {isa = PBXFileReference; fileEncoding = 4; lastKnownFileType = sourcecode.c.h; path = VersusTopShipEngine.h; sourceTree = "<group>"; };
		8DB34F6C1333F38400504C0F /* VersusTopShipEngine.m */ = {isa = PBXFileReference; fileEncoding = 4; lastKnownFileType = sourcecode.c.objc; path = VersusTopShipEngine.m; sourceTree = "<group>"; };
		8DB34F7C1333F62C00504C0F /* VersusBottomShipEngine.h */ = {isa = PBXFileReference; fileEncoding = 4; lastKnownFileType = sourcecode.c.h; path = VersusBottomShipEngine.h; sourceTree = "<group>"; };
		8DB34F7D1333F62D00504C0F /* VersusBottomShipEngine.m */ = {isa = PBXFileReference; fileEncoding = 4; lastKnownFileType = sourcecode.c.objc; path = VersusBottomShipEngine.m; sourceTree = "<group>"; };
		BFA4FD29132B0DCB00612508 /* Ship.h */ = {isa = PBXFileReference; fileEncoding = 4; lastKnownFileType = sourcecode.c.h; name = Ship.h; path = ../Ship.h; sourceTree = "<group>"; };
		BFA4FD2A132B0DCB00612508 /* Ship.m */ = {isa = PBXFileReference; fileEncoding = 4; lastKnownFileType = sourcecode.c.objc; name = Ship.m; path = ../Ship.m; sourceTree = "<group>"; };
		BFA4FD2E132B0DF700612508 /* Weapon.h */ = {isa = PBXFileReference; fileEncoding = 4; lastKnownFileType = sourcecode.c.h; name = Weapon.h; path = ../Weapon.h; sourceTree = "<group>"; };
		BFA4FD2F132B0DF700612508 /* Weapon.m */ = {isa = PBXFileReference; fileEncoding = 4; lastKnownFileType = sourcecode.c.objc; name = Weapon.m; path = ../Weapon.m; sourceTree = "<group>"; };
		BFA4FD31132B0E6000612508 /* Bullet.h */ = {isa = PBXFileReference; fileEncoding = 4; lastKnownFileType = sourcecode.c.h; name = Bullet.h; path = ../Bullet.h; sourceTree = "<group>"; };
		BFA4FD32132B0E6000612508 /* Bullet.m */ = {isa = PBXFileReference; fileEncoding = 4; lastKnownFileType = sourcecode.c.objc; name = Bullet.m; path = ../Bullet.m; sourceTree = "<group>"; };
		BFA4FD36132B0E7200612508 /* GameObject.h */ = {isa = PBXFileReference; fileEncoding = 4; lastKnownFileType = sourcecode.c.h; path = GameObject.h; sourceTree = "<group>"; };
		BFA4FD37132B0E7200612508 /* GameObject.m */ = {isa = PBXFileReference; fileEncoding = 4; lastKnownFileType = sourcecode.c.objc; path = GameObject.m; sourceTree = "<group>"; };
		BFA4FD5D132B106C00612508 /* Turn.h */ = {isa = PBXFileReference; fileEncoding = 4; lastKnownFileType = sourcecode.c.h; path = Turn.h; sourceTree = "<group>"; };
		BFA4FD5E132B106C00612508 /* Turn.m */ = {isa = PBXFileReference; fileEncoding = 4; lastKnownFileType = sourcecode.c.objc; path = Turn.m; sourceTree = "<group>"; };
		BFBB6D47132C2DE300151B43 /* BasicBullet.h */ = {isa = PBXFileReference; fileEncoding = 4; lastKnownFileType = sourcecode.c.h; path = BasicBullet.h; sourceTree = "<group>"; };
		BFBB6D48132C2DE300151B43 /* BasicBullet.m */ = {isa = PBXFileReference; fileEncoding = 4; lastKnownFileType = sourcecode.c.objc; path = BasicBullet.m; sourceTree = "<group>"; };
		BFBB6D72132C2F1100151B43 /* WideDoubleBullet.h */ = {isa = PBXFileReference; fileEncoding = 4; lastKnownFileType = sourcecode.c.h; path = WideDoubleBullet.h; sourceTree = "<group>"; };
		BFBB6D73132C2F1100151B43 /* WideDoubleBullet.m */ = {isa = PBXFileReference; fileEncoding = 4; lastKnownFileType = sourcecode.c.objc; path = WideDoubleBullet.m; sourceTree = "<group>"; };
		BFBB6D85132C303800151B43 /* TriShotBullet.h */ = {isa = PBXFileReference; fileEncoding = 4; lastKnownFileType = sourcecode.c.h; path = TriShotBullet.h; sourceTree = "<group>"; };
		BFBB6D86132C303800151B43 /* TriShotBullet.m */ = {isa = PBXFileReference; fileEncoding = 4; lastKnownFileType = sourcecode.c.objc; path = TriShotBullet.m; sourceTree = "<group>"; };
		BFBBA73D133548130087DB5F /* GameController.h */ = {isa = PBXFileReference; fileEncoding = 4; lastKnownFileType = sourcecode.c.h; path = GameController.h; sourceTree = "<group>"; };
		BFBBA73E133548130087DB5F /* GameController.m */ = {isa = PBXFileReference; fileEncoding = 4; lastKnownFileType = sourcecode.c.objc; path = GameController.m; sourceTree = "<group>"; };
		BFBBA7401335482F0087DB5F /* DefeatCopyGameController.h */ = {isa = PBXFileReference; fileEncoding = 4; lastKnownFileType = sourcecode.c.h; path = DefeatCopyGameController.h; sourceTree = "<group>"; };
		BFBBA7411335482F0087DB5F /* DefeatCopyGameController.m */ = {isa = PBXFileReference; fileEncoding = 4; lastKnownFileType = sourcecode.c.objc; path = DefeatCopyGameController.m; sourceTree = "<group>"; };
		BFBBA744133549130087DB5F /* ShipEventsProtocol.h */ = {isa = PBXFileReference; fileEncoding = 4; lastKnownFileType = sourcecode.c.h; path = ShipEventsProtocol.h; sourceTree = "<group>"; };
		BFBBA79113355FC10087DB5F /* EngineShip.h */ = {isa = PBXFileReference; fileEncoding = 4; lastKnownFileType = sourcecode.c.h; path = EngineShip.h; sourceTree = "<group>"; };
		BFBBA79213355FC10087DB5F /* EngineShip.m */ = {isa = PBXFileReference; fileEncoding = 4; lastKnownFileType = sourcecode.c.objc; path = EngineShip.m; sourceTree = "<group>"; };
		BFBBA7CE13356E3C0087DB5F /* Bullets.h */ = {isa = PBXFileReference; fileEncoding = 4; lastKnownFileType = sourcecode.c.h; path = Bullets.h; sourceTree = "<group>"; };
		BFBBA7DE13356EBC0087DB5F /* TriGun.h */ = {isa = PBXFileReference; fileEncoding = 4; lastKnownFileType = sourcecode.c.h; path = TriGun.h; sourceTree = "<group>"; };
		BFBBA7DF13356EBC0087DB5F /* TriGun.m */ = {isa = PBXFileReference; fileEncoding = 4; lastKnownFileType = sourcecode.c.objc; path = TriGun.m; sourceTree = "<group>"; };
		BFCD44EC1332FBBC00182581 /* PlayerCopyShip.h */ = {isa = PBXFileReference; fileEncoding = 4; lastKnownFileType = sourcecode.c.h; path = PlayerCopyShip.h; sourceTree = "<group>"; };
		BFCD44ED1332FBBC00182581 /* PlayerCopyShip.m */ = {isa = PBXFileReference; fileEncoding = 4; lastKnownFileType = sourcecode.c.objc; path = PlayerCopyShip.m; sourceTree = "<group>"; };
		BFCD44F11332FBD900182581 /* CopyShip.h */ = {isa = PBXFileReference; fileEncoding = 4; lastKnownFileType = sourcecode.c.h; path = CopyShip.h; sourceTree = "<group>"; };
		BFCD44F21332FBD900182581 /* CopyShip.m */ = {isa = PBXFileReference; fileEncoding = 4; lastKnownFileType = sourcecode.c.objc; path = CopyShip.m; sourceTree = "<group>"; };
		BFCD45021332FFC900182581 /* LaserGun.h */ = {isa = PBXFileReference; fileEncoding = 4; lastKnownFileType = sourcecode.c.h; path = LaserGun.h; sourceTree = "<group>"; };
		BFCD45031332FFC900182581 /* LaserGun.m */ = {isa = PBXFileReference; fileEncoding = 4; lastKnownFileType = sourcecode.c.objc; path = LaserGun.m; sourceTree = "<group>"; };
		BFFC4FCA133677BB00E9F51F /* WideDoubleShotGun.h */ = {isa = PBXFileReference; fileEncoding = 4; lastKnownFileType = sourcecode.c.h; path = WideDoubleShotGun.h; sourceTree = "<group>"; };
		BFFC4FCB133677BB00E9F51F /* WideDoubleShotGun.m */ = {isa = PBXFileReference; fileEncoding = 4; lastKnownFileType = sourcecode.c.objc; path = WideDoubleShotGun.m; sourceTree = "<group>"; };
/* End PBXFileReference section */

/* Begin PBXFrameworksBuildPhase section */
		1D60588F0D05DD3D006BFB54 /* Frameworks */ = {
			isa = PBXFrameworksBuildPhase;
			buildActionMask = 2147483647;
			files = (
				1D60589F0D05DD5A006BFB54 /* Foundation.framework in Frameworks */,
				1DF5F4E00D08C38300B7A737 /* UIKit.framework in Frameworks */,
				288765A50DF7441C002DB57D /* CoreGraphics.framework in Frameworks */,
			);
			runOnlyForDeploymentPostprocessing = 0;
		};
/* End PBXFrameworksBuildPhase section */

/* Begin PBXGroup section */
		080E96DDFE201D6D7F000001 /* Classes */ = {
			isa = PBXGroup;
			children = (
				8DB34F641333EF1B00504C0F /* Engines */,
				BFCD45011332FFB500182581 /* Weapons */,
				BFCD44EB1332FB8500182581 /* Ships */,
				BFBB6D46132C2DCE00151B43 /* Bullets */,
				BFBBA7C7133563AA0087DB5F /* View Controllers */,
				BFBBA73B1335477C0087DB5F /* Logic Controllers */,
			);
			path = Classes;
			sourceTree = "<group>";
		};
		19C28FACFE9D520D11CA2CBB /* Products */ = {
			isa = PBXGroup;
			children = (
				1D6058910D05DD3D006BFB54 /* ultimatebattle.app */,
			);
			name = Products;
			sourceTree = "<group>";
		};
		29B97314FDCFA39411CA2CEA /* CustomTemplate */ = {
			isa = PBXGroup;
			children = (
				BFA4FD5D132B106C00612508 /* Turn.h */,
				BFA4FD5E132B106C00612508 /* Turn.m */,
				BFA4FD36132B0E7200612508 /* GameObject.h */,
				BFA4FD37132B0E7200612508 /* GameObject.m */,
				080E96DDFE201D6D7F000001 /* Classes */,
				29B97315FDCFA39411CA2CEA /* Other Sources */,
				29B97317FDCFA39411CA2CEA /* Resources */,
				29B97323FDCFA39411CA2CEA /* Frameworks */,
				19C28FACFE9D520D11CA2CBB /* Products */,
			);
			name = CustomTemplate;
			sourceTree = "<group>";
		};
		29B97315FDCFA39411CA2CEA /* Other Sources */ = {
			isa = PBXGroup;
			children = (
				32CA4F630368D1EE00C91783 /* ultimatebattle_Prefix.pch */,
				29B97316FDCFA39411CA2CEA /* main.m */,
			);
			name = "Other Sources";
			sourceTree = "<group>";
		};
		29B97317FDCFA39411CA2CEA /* Resources */ = {
			isa = PBXGroup;
			children = (
				2899E5210DE3E06400AC0155 /* ultimatebattleViewController.xib */,
				28AD733E0D9D9553002E5188 /* MainWindow.xib */,
				8D1107310486CEB800E47090 /* ultimatebattle-Info.plist */,
			);
			name = Resources;
			sourceTree = "<group>";
		};
		29B97323FDCFA39411CA2CEA /* Frameworks */ = {
			isa = PBXGroup;
			children = (
				1DF5F4DF0D08C38300B7A737 /* UIKit.framework */,
				1D30AB110D05D00D00671497 /* Foundation.framework */,
				288765A40DF7441C002DB57D /* CoreGraphics.framework */,
			);
			name = Frameworks;
			sourceTree = "<group>";
		};
		8DB34F641333EF1B00504C0F /* Engines */ = {
			isa = PBXGroup;
			children = (
				8DB34F681333EF4F00504C0F /* Engine.h */,
				8DB34F691333EF4F00504C0F /* Engine.m */,
				8DB34F6B1333F38400504C0F /* VersusTopShipEngine.h */,
				8DB34F6C1333F38400504C0F /* VersusTopShipEngine.m */,
				8DB34F7C1333F62C00504C0F /* VersusBottomShipEngine.h */,
				8DB34F7D1333F62D00504C0F /* VersusBottomShipEngine.m */,
			);
			name = Engines;
			sourceTree = "<group>";
		};
		BFBB6D46132C2DCE00151B43 /* Bullets */ = {
			isa = PBXGroup;
			children = (
				BFBB6D72132C2F1100151B43 /* WideDoubleBullet.h */,
				BFBB6D73132C2F1100151B43 /* WideDoubleBullet.m */,
				BFA4FD31132B0E6000612508 /* Bullet.h */,
				BFA4FD32132B0E6000612508 /* Bullet.m */,
				BFBB6D47132C2DE300151B43 /* BasicBullet.h */,
				BFBB6D48132C2DE300151B43 /* BasicBullet.m */,
				BFBB6D85132C303800151B43 /* TriShotBullet.h */,
				BFBB6D86132C303800151B43 /* TriShotBullet.m */,
				BFBBA7CE13356E3C0087DB5F /* Bullets.h */,
			);
			name = Bullets;
			sourceTree = "<group>";
		};
		BFBBA73B1335477C0087DB5F /* Logic Controllers */ = {
			isa = PBXGroup;
			children = (
				BFBBA73D133548130087DB5F /* GameController.h */,
				BFBBA73E133548130087DB5F /* GameController.m */,
				BFBBA7401335482F0087DB5F /* DefeatCopyGameController.h */,
				BFBBA7411335482F0087DB5F /* DefeatCopyGameController.m */,
			);
			name = "Logic Controllers";
			sourceTree = "<group>";
		};
		BFBBA7C7133563AA0087DB5F /* View Controllers */ = {
			isa = PBXGroup;
			children = (
				1D3623240D0F684500981E51 /* ultimatebattleAppDelegate.h */,
				1D3623250D0F684500981E51 /* ultimatebattleAppDelegate.m */,
				28D7ACF60DDB3853001CB0EB /* ultimatebattleViewController.h */,
				28D7ACF70DDB3853001CB0EB /* ultimatebattleViewController.m */,
			);
			name = "View Controllers";
			sourceTree = "<group>";
		};
		BFCD44EB1332FB8500182581 /* Ships */ = {
			isa = PBXGroup;
			children = (
				BFA4FD29132B0DCB00612508 /* Ship.h */,
				BFA4FD2A132B0DCB00612508 /* Ship.m */,
				BFCD44EC1332FBBC00182581 /* PlayerCopyShip.h */,
				BFCD44ED1332FBBC00182581 /* PlayerCopyShip.m */,
				BFCD44F11332FBD900182581 /* CopyShip.h */,
				BFCD44F21332FBD900182581 /* CopyShip.m */,
				BFBBA744133549130087DB5F /* ShipEventsProtocol.h */,
				BFBBA79113355FC10087DB5F /* EngineShip.h */,
				BFBBA79213355FC10087DB5F /* EngineShip.m */,
			);
			name = Ships;
			sourceTree = "<group>";
		};
		BFCD45011332FFB500182581 /* Weapons */ = {
			isa = PBXGroup;
			children = (
				BFA4FD2E132B0DF700612508 /* Weapon.h */,
				BFA4FD2F132B0DF700612508 /* Weapon.m */,
				BFCD45021332FFC900182581 /* LaserGun.h */,
				BFCD45031332FFC900182581 /* LaserGun.m */,
				BFBBA7DE13356EBC0087DB5F /* TriGun.h */,
				BFBBA7DF13356EBC0087DB5F /* TriGun.m */,
				BFFC4FCA133677BB00E9F51F /* WideDoubleShotGun.h */,
				BFFC4FCB133677BB00E9F51F /* WideDoubleShotGun.m */,
			);
			name = Weapons;
			sourceTree = "<group>";
		};
/* End PBXGroup section */

/* Begin PBXNativeTarget section */
		1D6058900D05DD3D006BFB54 /* ultimatebattle */ = {
			isa = PBXNativeTarget;
			buildConfigurationList = 1D6058960D05DD3E006BFB54 /* Build configuration list for PBXNativeTarget "ultimatebattle" */;
			buildPhases = (
				1D60588D0D05DD3D006BFB54 /* Resources */,
				1D60588E0D05DD3D006BFB54 /* Sources */,
				1D60588F0D05DD3D006BFB54 /* Frameworks */,
			);
			buildRules = (
			);
			dependencies = (
			);
			name = ultimatebattle;
			productName = ultimatebattle;
			productReference = 1D6058910D05DD3D006BFB54 /* ultimatebattle.app */;
			productType = "com.apple.product-type.application";
		};
/* End PBXNativeTarget section */

/* Begin PBXProject section */
		29B97313FDCFA39411CA2CEA /* Project object */ = {
			isa = PBXProject;
			buildConfigurationList = C01FCF4E08A954540054247B /* Build configuration list for PBXProject "ultimatebattle" */;
			compatibilityVersion = "Xcode 3.1";
			developmentRegion = English;
			hasScannedForEncodings = 1;
			knownRegions = (
				English,
				Japanese,
				French,
				German,
			);
			mainGroup = 29B97314FDCFA39411CA2CEA /* CustomTemplate */;
			projectDirPath = "";
			projectRoot = "";
			targets = (
				1D6058900D05DD3D006BFB54 /* ultimatebattle */,
			);
		};
/* End PBXProject section */

/* Begin PBXResourcesBuildPhase section */
		1D60588D0D05DD3D006BFB54 /* Resources */ = {
			isa = PBXResourcesBuildPhase;
			buildActionMask = 2147483647;
			files = (
				28AD733F0D9D9553002E5188 /* MainWindow.xib in Resources */,
				2899E5220DE3E06400AC0155 /* ultimatebattleViewController.xib in Resources */,
			);
			runOnlyForDeploymentPostprocessing = 0;
		};
/* End PBXResourcesBuildPhase section */

/* Begin PBXSourcesBuildPhase section */
		1D60588E0D05DD3D006BFB54 /* Sources */ = {
			isa = PBXSourcesBuildPhase;
			buildActionMask = 2147483647;
			files = (
				1D60589B0D05DD56006BFB54 /* main.m in Sources */,
				1D3623260D0F684500981E51 /* ultimatebattleAppDelegate.m in Sources */,
				28D7ACF80DDB3853001CB0EB /* ultimatebattleViewController.m in Sources */,
				BFA4FD2B132B0DCB00612508 /* Ship.m in Sources */,
				BFA4FD30132B0DF700612508 /* Weapon.m in Sources */,
				BFA4FD38132B0E7200612508 /* GameObject.m in Sources */,
				BFA4FD5F132B106C00612508 /* Turn.m in Sources */,
				BFBB6D26132C2B2900151B43 /* Bullet.m in Sources */,
				BFBB6D49132C2DE300151B43 /* BasicBullet.m in Sources */,
				BFBB6D74132C2F1100151B43 /* WideDoubleBullet.m in Sources */,
				BFBB6D87132C303800151B43 /* TriShotBullet.m in Sources */,
				BFCD44EE1332FBBC00182581 /* PlayerCopyShip.m in Sources */,
				BFCD44F31332FBD900182581 /* CopyShip.m in Sources */,
				BFCD45041332FFC900182581 /* LaserGun.m in Sources */,
				8DB34F6A1333EF4F00504C0F /* Engine.m in Sources */,
				8DB34F6D1333F38500504C0F /* VersusTopShipEngine.m in Sources */,
				8DB34F7E1333F62E00504C0F /* VersusBottomShipEngine.m in Sources */,
				BFBBA73F133548130087DB5F /* GameController.m in Sources */,
				BFBBA7421335482F0087DB5F /* DefeatCopyGameController.m in Sources */,
				BFBBA79313355FC10087DB5F /* EngineShip.m in Sources */,
				BFBBA7E013356EBC0087DB5F /* TriGun.m in Sources */,
				BFFC4FCC133677BB00E9F51F /* WideDoubleShotGun.m in Sources */,
			);
			runOnlyForDeploymentPostprocessing = 0;
		};
/* End PBXSourcesBuildPhase section */

/* Begin XCBuildConfiguration section */
		1D6058940D05DD3E006BFB54 /* Debug */ = {
			isa = XCBuildConfiguration;
			buildSettings = {
				ALWAYS_SEARCH_USER_PATHS = NO;
				COPY_PHASE_STRIP = NO;
				GCC_DYNAMIC_NO_PIC = NO;
				GCC_OPTIMIZATION_LEVEL = 0;
				GCC_PRECOMPILE_PREFIX_HEADER = YES;
				GCC_PREFIX_HEADER = ultimatebattle_Prefix.pch;
				INFOPLIST_FILE = "ultimatebattle-Info.plist";
				PRODUCT_NAME = ultimatebattle;
			};
			name = Debug;
		};
		1D6058950D05DD3E006BFB54 /* Release */ = {
			isa = XCBuildConfiguration;
			buildSettings = {
				ALWAYS_SEARCH_USER_PATHS = NO;
				COPY_PHASE_STRIP = YES;
				GCC_PRECOMPILE_PREFIX_HEADER = YES;
				GCC_PREFIX_HEADER = ultimatebattle_Prefix.pch;
				INFOPLIST_FILE = "ultimatebattle-Info.plist";
				PRODUCT_NAME = ultimatebattle;
				VALIDATE_PRODUCT = YES;
			};
			name = Release;
		};
		C01FCF4F08A954540054247B /* Debug */ = {
			isa = XCBuildConfiguration;
			buildSettings = {
				ARCHS = "$(ARCHS_UNIVERSAL_IPHONE_OS)";
				"CODE_SIGN_IDENTITY[sdk=iphoneos*]" = "iPhone Developer";
				GCC_C_LANGUAGE_STANDARD = c99;
				GCC_WARN_ABOUT_RETURN_TYPE = YES;
				GCC_WARN_UNUSED_VARIABLE = YES;
				PREBINDING = NO;
				SDKROOT = iphoneos3.2;
				TARGETED_DEVICE_FAMILY = 2;
			};
			name = Debug;
		};
		C01FCF5008A954540054247B /* Release */ = {
			isa = XCBuildConfiguration;
			buildSettings = {
				ARCHS = "$(ARCHS_UNIVERSAL_IPHONE_OS)";
				"CODE_SIGN_IDENTITY[sdk=iphoneos*]" = "iPhone Developer";
				GCC_C_LANGUAGE_STANDARD = c99;
				GCC_WARN_ABOUT_RETURN_TYPE = YES;
				GCC_WARN_UNUSED_VARIABLE = YES;
				OTHER_CFLAGS = "-DNS_BLOCK_ASSERTIONS=1";
				PREBINDING = NO;
				SDKROOT = iphoneos3.2;
				TARGETED_DEVICE_FAMILY = 2;
			};
			name = Release;
		};
/* End XCBuildConfiguration section */

/* Begin XCConfigurationList section */
		1D6058960D05DD3E006BFB54 /* Build configuration list for PBXNativeTarget "ultimatebattle" */ = {
			isa = XCConfigurationList;
			buildConfigurations = (
				1D6058940D05DD3E006BFB54 /* Debug */,
				1D6058950D05DD3E006BFB54 /* Release */,
			);
			defaultConfigurationIsVisible = 0;
			defaultConfigurationName = Release;
		};
		C01FCF4E08A954540054247B /* Build configuration list for PBXProject "ultimatebattle" */ = {
			isa = XCConfigurationList;
			buildConfigurations = (
				C01FCF4F08A954540054247B /* Debug */,
				C01FCF5008A954540054247B /* Release */,
			);
			defaultConfigurationIsVisible = 0;
			defaultConfigurationName = Release;
		};
/* End XCConfigurationList section */
	};
	rootObject = 29B97313FDCFA39411CA2CEA /* Project object */;
}
